
Microsoft Visual Studio Solution File, Format Version 12.00
# Visual Studio Version 16
VisualStudioVersion = 16.0.31129.286
MinimumVisualStudioVersion = 10.0.40219.1
Project("{FAE04EC0-301F-11D3-BF4B-00C04F79EFBC}") = "HW1", "HW1.csproj", "{29F36F07-4C67-4803-B0AD-BA4864391104}"
EndProject
Global
	GlobalSection(SolutionConfigurationPlatforms) = preSolution
		Debug|Any CPU = Debug|Any CPU
		Release|Any CPU = Release|Any CPU
	EndGlobalSection
	GlobalSection(ProjectConfigurationPlatforms) = postSolution
		{29F36F07-4C67-4803-B0AD-BA4864391104}.Debug|Any CPU.ActiveCfg = Debug|Any CPU
		{29F36F07-4C67-4803-B0AD-BA4864391104}.Debug|Any CPU.Build.0 = Debug|Any CPU
		{29F36F07-4C67-4803-B0AD-BA4864391104}.Release|Any CPU.ActiveCfg = Release|Any CPU
		{29F36F07-4C67-4803-B0AD-BA4864391104}.Release|Any CPU.Build.0 = Release|Any CPU
	EndGlobalSection
	GlobalSection(SolutionProperties) = preSolution
		HideSolutionNode = FALSE
	EndGlobalSection
	GlobalSection(ExtensibilityGlobals) = postSolution
		SolutionGuid = {D03D9E0C-1139-4E3D-9E0C-6721042DC1F5}
	EndGlobalSection
EndGlobal
